<?xml version="1.0" encoding="utf-8"?>
<Project ToolsVersion="4.0" xmlns="http://schemas.microsoft.com/developer/msbuild/2003">
  <ItemGroup>
    <Filter Include="Source Files">
      <UniqueIdentifier>{4FC737F1-C7A5-4376-A066-2A32D752A2FF}</UniqueIdentifier>
      <Extensions>cpp;c;cc;cxx;def;odl;idl;hpj;bat;asm;asmx</Extensions>
    </Filter>
    <Filter Include="Header Files">
      <UniqueIdentifier>{93995380-89BD-4b04-88EB-625FBE52EBFB}</UniqueIdentifier>
      <Extensions>h;hh;hpp;hxx;hm;inl;inc;ipp;xsd</Extensions>
    </Filter>
    <Filter Include="Resource Files">
      <UniqueIdentifier>{67DA6AB6-F800-4c08-8B7A-83BB121AAD01}</UniqueIdentifier>
      <Extensions>rc;ico;cur;bmp;dlg;rc2;rct;bin;rgs;gif;jpg;jpeg;jpe;resx;tiff;tif;png;wav;mfcribbon-ms</Extensions>
    </Filter>
  </ItemGroup>
  <ItemGroup>
    <ClCompile Include="Activate.cpp">
      <Filter>Source Files</Filter>
    </ClCompile>
    <ClCompile Include="AsinhLayer.cpp">
      <Filter>Source Files</Filter>
    </ClCompile>
    <ClCompile Include="BatchNorm.cpp">
      <Filter>Source Files</Filter>
    </ClCompile>
    <ClCompile Include="ConvLayer.cpp">
      <Filter>Source Files</Filter>
    </ClCompile>
    <ClCompile Include="ConvScale.cpp">
      <Filter>Source Files</Filter>
    </ClCompile>
    <ClCompile Include="Dropout.cpp">
      <Filter>Source Files</Filter>
    </ClCompile>
    <ClCompile Include="DropPath.cpp">
      <Filter>Source Files</Filter>
    </ClCompile>
    <ClCompile Include="EncoderLayer.cpp">
      <Filter>Source Files</Filter>
    </ClCompile>
    <ClCompile Include="FCLayer.cpp">
      <Filter>Source Files</Filter>
    </ClCompile>
    <ClCompile Include="GELULayer.cpp">
      <Filter>Source Files</Filter>
    </ClCompile>
    <ClCompile Include="GlobalPoolLayer.cpp">
      <Filter>Source Files</Filter>
    </ClCompile>
    <ClCompile Include="LayerNorm.cpp">
      <Filter>Source Files</Filter>
    </ClCompile>
    <ClCompile Include="LeakyReLULayer.cpp">
      <Filter>Source Files</Filter>
    </ClCompile>
    <ClCompile Include="PatchEmbedLayer.cpp">
      <Filter>Source Files</Filter>
    </ClCompile>
    <ClCompile Include="PatchExpandingLayer.cpp">
      <Filter>Source Files</Filter>
    </ClCompile>
    <ClCompile Include="PatchMergingLayer.cpp">
      <Filter>Source Files</Filter>
    </ClCompile>
    <ClCompile Include="PoolLayer.cpp">
      <Filter>Source Files</Filter>
    </ClCompile>
    <ClCompile Include="ResConvLayer.cpp">
      <Filter>Source Files</Filter>
    </ClCompile>
    <ClCompile Include="ResFCLayer.cpp">
      <Filter>Source Files</Filter>
    </ClCompile>
    <ClCompile Include="ResizeLayer.cpp">
      <Filter>Source Files</Filter>
    </ClCompile>
    <ClCompile Include="SigmoidLayer.cpp">
      <Filter>Source Files</Filter>
    </ClCompile>
    <ClCompile Include="SwinBlockLayer.cpp">
      <Filter>Source Files</Filter>
    </ClCompile>
    <ClCompile Include="SwinUnetLayer.cpp">
      <Filter>Source Files</Filter>
    </ClCompile>
    <ClCompile Include="SwishLayer.cpp">
      <Filter>Source Files</Filter>
    </ClCompile>
    <ClCompile Include="TokensToSpatialLayer.cpp">
      <Filter>Source Files</Filter>
    </ClCompile>
    <ClCompile Include="TransposeLayer.cpp">
      <Filter>Source Files</Filter>
    </ClCompile>
    <ClCompile Include="Viewer.cpp">
      <Filter>Source Files</Filter>
    </ClCompile>
    <ClCompile Include="ViewerLayer.cpp">
      <Filter>Source Files</Filter>
    </ClCompile>
    <ClCompile Include="WmmaAttentionLayer.cpp">
      <Filter>Source Files</Filter>
    </ClCompile>
    <ClCompile Include="OrthogonalInit.cpp">
      <Filter>Source Files</Filter>
    </ClCompile>
    <ClCompile Include="NNCommon.cpp">
      <Filter>Source Files</Filter>
    </ClCompile>
  </ItemGroup>
  <ItemGroup>
    <ClInclude Include="Activate.h">
      <Filter>Header Files</Filter>
    </ClInclude>
    <ClInclude Include="AsinhLayer.h">
      <Filter>Header Files</Filter>
    </ClInclude>
    <ClInclude Include="BatchNorm.h">
      <Filter>Header Files</Filter>
    </ClInclude>
    <ClInclude Include="ConvLayer.h">
      <Filter>Header Files</Filter>
    </ClInclude>
    <ClInclude Include="ConvScale.h">
      <Filter>Header Files</Filter>
    </ClInclude>
    <ClInclude Include="CuCommon.cuh" />
    <ClInclude Include="Dropout.h">
      <Filter>Header Files</Filter>
    </ClInclude>
    <ClInclude Include="DropPath.h">
      <Filter>Header Files</Filter>
    </ClInclude>
    <ClInclude Include="EncoderLayer.h">
      <Filter>Header Files</Filter>
    </ClInclude>
    <ClInclude Include="FCLayer.h">
      <Filter>Header Files</Filter>
    </ClInclude>
    <ClInclude Include="GELULayer.h">
      <Filter>Header Files</Filter>
    </ClInclude>
    <ClInclude Include="GlobalPoolLayer.h">
      <Filter>Header Files</Filter>
    </ClInclude>
    <ClInclude Include="Layer.h">
      <Filter>Header Files</Filter>
    </ClInclude>
    <ClInclude Include="LayerNorm.h">
      <Filter>Header Files</Filter>
    </ClInclude>
    <ClInclude Include="LeakyReLULayer.h">
      <Filter>Header Files</Filter>
    </ClInclude>
    <ClInclude Include="PatchEmbedLayer.h">
      <Filter>Header Files</Filter>
    </ClInclude>
    <ClInclude Include="PatchExpandingLayer.h">
      <Filter>Header Files</Filter>
    </ClInclude>
    <ClInclude Include="PatchMergingLayer.h">
      <Filter>Header Files</Filter>
    </ClInclude>
    <ClInclude Include="PoolLayer.h">
      <Filter>Header Files</Filter>
    </ClInclude>
    <ClInclude Include="ResConvLayer.h">
      <Filter>Header Files</Filter>
    </ClInclude>
    <ClInclude Include="ResFCLayer.h">
      <Filter>Header Files</Filter>
    </ClInclude>
    <ClInclude Include="ResizeLayer.h">
      <Filter>Header Files</Filter>
    </ClInclude>
    <ClInclude Include="SigmoidLayer.h">
      <Filter>Header Files</Filter>
    </ClInclude>
    <ClInclude Include="SwinBlockLayer.h">
      <Filter>Header Files</Filter>
    </ClInclude>
    <ClInclude Include="SwinUnetLayer.h">
      <Filter>Header Files</Filter>
    </ClInclude>
    <ClInclude Include="SwishLayer.h">
      <Filter>Header Files</Filter>
    </ClInclude>
    <ClInclude Include="TokensToSpatialLayer.h">
      <Filter>Header Files</Filter>
    </ClInclude>
    <ClInclude Include="TransposeLayer.h">
      <Filter>Header Files</Filter>
    </ClInclude>
    <ClInclude Include="Viewer.h">
      <Filter>Header Files</Filter>
    </ClInclude>
    <ClInclude Include="ViewerLayer.h">
      <Filter>Header Files</Filter>
    </ClInclude>
    <ClInclude Include="WeightInitMethod.h">
      <Filter>Header Files</Filter>
    </ClInclude>
    <ClInclude Include="WmmaAttentionLayer.h">
      <Filter>Header Files</Filter>
    </ClInclude>
    <ClInclude Include="NNCommon.h">
      <Filter>Header Files</Filter>
    </ClInclude>
  </ItemGroup>
  <ItemGroup>
    <CudaCompile Include="Activations.cu" />
    <CudaCompile Include="AttentionPool.cu" />
    <CudaCompile Include="Conversions.cu" />
    <CudaCompile Include="CuCommon.cu" />
    <CudaCompile Include="CudaStuff.cu" />
    <CudaCompile Include="DropPath.cu" />
    <CudaCompile Include="LayerNorm.cu" />
    <CudaCompile Include="Loss.cu" />
    <CudaCompile Include="Optimizers.cu" />
    <CudaCompile Include="PatchEmbedding.cu" />
    <CudaCompile Include="Scale.cu" />
    <CudaCompile Include="TokenTransforms.cu" />
    <CudaCompile Include="WMMA.cu" />
  </ItemGroup>
</Project>